
Microsoft Visual Studio Solution File, Format Version 12.00
# Visual Studio Express 2012 for Windows Desktop
Project("{FAE04EC0-301F-11D3-BF4B-00C04F79EFBC}") = "AzureVeneziano.Netduino", "AzureVeneziano.Netduino\AzureVeneziano.Netduino_MF43.csproj", "{FA9AAE94-AFD4-40B9-8EDB-CF844FEB61EF}"
EndProject
Global
	GlobalSection(SolutionConfigurationPlatforms) = preSolution
		Debug|Any CPU = Debug|Any CPU
		Release|Any CPU = Release|Any CPU
	EndGlobalSection
	GlobalSection(ProjectConfigurationPlatforms) = postSolution
		{FA9AAE94-AFD4-40B9-8EDB-CF844FEB61EF}.Debug|Any CPU.ActiveCfg = Debug|Any CPU
		{FA9AAE94-AFD4-40B9-8EDB-CF844FEB61EF}.Debug|Any CPU.Build.0 = Debug|Any CPU
		{FA9AAE94-AFD4-40B9-8EDB-CF844FEB61EF}.Debug|Any CPU.Deploy.0 = Debug|Any CPU
		{FA9AAE94-AFD4-40B9-8EDB-CF844FEB61EF}.Release|Any CPU.ActiveCfg = Release|Any CPU
		{FA9AAE94-AFD4-40B9-8EDB-CF844FEB61EF}.Release|Any CPU.Build.0 = Release|Any CPU
		{FA9AAE94-AFD4-40B9-8EDB-CF844FEB61EF}.Release|Any CPU.Deploy.0 = Release|Any CPU
	EndGlobalSection
	GlobalSection(SolutionProperties) = preSolution
		HideSolutionNode = FALSE
	EndGlobalSection
EndGlobal
